
Microsoft Visual Studio Solution File, Format Version 12.00
# Visual Studio Version 16
VisualStudioVersion = 16.0.808.5
MinimumVisualStudioVersion = 10.0.40219.1
Project("{FAE04EC0-301F-11D3-BF4B-00C04F79EFBC}") = "project_4", "project_4\project_4.csproj", "{FF2EE5A5-47F1-4F96-B3F3-F76ECE2E4337}"
EndProject
Global
	GlobalSection(SolutionConfigurationPlatforms) = preSolution
		Debug|Any CPU = Debug|Any CPU
		Release|Any CPU = Release|Any CPU
	EndGlobalSection
	GlobalSection(ProjectConfigurationPlatforms) = postSolution
		{FF2EE5A5-47F1-4F96-B3F3-F76ECE2E4337}.Debug|Any CPU.ActiveCfg = Debug|Any CPU
		{FF2EE5A5-47F1-4F96-B3F3-F76ECE2E4337}.Debug|Any CPU.Build.0 = Debug|Any CPU
		{FF2EE5A5-47F1-4F96-B3F3-F76ECE2E4337}.Release|Any CPU.ActiveCfg = Release|Any CPU
		{FF2EE5A5-47F1-4F96-B3F3-F76ECE2E4337}.Release|Any CPU.Build.0 = Release|Any CPU
	EndGlobalSection
	GlobalSection(SolutionProperties) = preSolution
		HideSolutionNode = FALSE
	EndGlobalSection
	GlobalSection(ExtensibilityGlobals) = postSolution
		SolutionGuid = {5266B89E-7AD1-4114-8C82-2E629700882C}
	EndGlobalSection
EndGlobal
